
Microsoft Visual Studio Solution File, Format Version 12.00
# Visual Studio Version 17
VisualStudioVersion = 17.11.35222.181
MinimumVisualStudioVersion = 10.0.40219.1
Project("{FAE04EC0-301F-11D3-BF4B-00C04F79EFBC}") = "WebAPIHelloWorld", "WebAPIHelloWorld\WebAPIHelloWorld.csproj", "{1D134971-29A8-4506-B749-85D026E04C3C}"
EndProject
Global
	GlobalSection(SolutionConfigurationPlatforms) = preSolution
		Debug|Any CPU = Debug|Any CPU
		Release|Any CPU = Release|Any CPU
	EndGlobalSection
	GlobalSection(ProjectConfigurationPlatforms) = postSolution
		{1D134971-29A8-4506-B749-85D026E04C3C}.Debug|Any CPU.ActiveCfg = Debug|Any CPU
		{1D134971-29A8-4506-B749-85D026E04C3C}.Debug|Any CPU.Build.0 = Debug|Any CPU
		{1D134971-29A8-4506-B749-85D026E04C3C}.Release|Any CPU.ActiveCfg = Release|Any CPU
		{1D134971-29A8-4506-B749-85D026E04C3C}.Release|Any CPU.Build.0 = Release|Any CPU
	EndGlobalSection
	GlobalSection(SolutionProperties) = preSolution
		HideSolutionNode = FALSE
	EndGlobalSection
	GlobalSection(ExtensibilityGlobals) = postSolution
		SolutionGuid = {BA42318A-A127-4779-AAF7-FC8D61493F20}
	EndGlobalSection
EndGlobal
